// !$*UTF8*$!
{
	archiveVersion = 1;
	classes = {
	};
	objectVersion = 55;
	objects = {

/* Begin PBXBuildFile section */
		0AF7A55A2CBE05B5D076D489 /* Pods_JustoTestFRR.framework in Frameworks */ = {isa = PBXBuildFile; fileRef = DEA025145C5027B2F7032E47 /* Pods_JustoTestFRR.framework */; };
		5E81AA372948E55400C79541 /* MissionsCellCollectionViewCell.swift in Sources */ = {isa = PBXBuildFile; fileRef = 5E81AA352948E55400C79541 /* MissionsCellCollectionViewCell.swift */; };
		5E81AA382948E55400C79541 /* MissionsCellCollectionViewCell.xib in Resources */ = {isa = PBXBuildFile; fileRef = 5E81AA362948E55400C79541 /* MissionsCellCollectionViewCell.xib */; };
		5E81AA3A2948EAA700C79541 /* UIViewExtensions.swift in Sources */ = {isa = PBXBuildFile; fileRef = 5E81AA392948EAA700C79541 /* UIViewExtensions.swift */; };
		5ED070E42947B57F002D4116 /* AppDelegate.swift in Sources */ = {isa = PBXBuildFile; fileRef = 5ED070E32947B57F002D4116 /* AppDelegate.swift */; };
		5ED070E62947B57F002D4116 /* SceneDelegate.swift in Sources */ = {isa = PBXBuildFile; fileRef = 5ED070E52947B57F002D4116 /* SceneDelegate.swift */; };
		5ED070E82947B57F002D4116 /* ViewController.swift in Sources */ = {isa = PBXBuildFile; fileRef = 5ED070E72947B57F002D4116 /* ViewController.swift */; };
		5ED070EB2947B57F002D4116 /* Main.storyboard in Resources */ = {isa = PBXBuildFile; fileRef = 5ED070E92947B57F002D4116 /* Main.storyboard */; };
		5ED070ED2947B580002D4116 /* Assets.xcassets in Resources */ = {isa = PBXBuildFile; fileRef = 5ED070EC2947B580002D4116 /* Assets.xcassets */; };
		5ED070F02947B580002D4116 /* LaunchScreen.storyboard in Resources */ = {isa = PBXBuildFile; fileRef = 5ED070EE2947B580002D4116 /* LaunchScreen.storyboard */; };
		5ED070F92947B932002D4116 /* RequestManager.swift in Sources */ = {isa = PBXBuildFile; fileRef = 5ED070F82947B932002D4116 /* RequestManager.swift */; };
		5ED070FC2947BA3B002D4116 /* CodablesExtensions.swift in Sources */ = {isa = PBXBuildFile; fileRef = 5ED070FB2947BA3B002D4116 /* CodablesExtensions.swift */; };
		5ED070FE2947BAB0002D4116 /* UIImagesExtensions.swift in Sources */ = {isa = PBXBuildFile; fileRef = 5ED070FD2947BAB0002D4116 /* UIImagesExtensions.swift */; };
		5ED071032947C475002D4116 /* ShipsViewController.swift in Sources */ = {isa = PBXBuildFile; fileRef = 5ED071022947C475002D4116 /* ShipsViewController.swift */; };
		5ED071062947C49E002D4116 /* ShipsView.storyboard in Resources */ = {isa = PBXBuildFile; fileRef = 5ED071052947C49E002D4116 /* ShipsView.storyboard */; };
		5ED0710A2947C9A4002D4116 /* ShipsViewModel.swift in Sources */ = {isa = PBXBuildFile; fileRef = 5ED071092947C9A4002D4116 /* ShipsViewModel.swift */; };
		5ED0710C2947CA97002D4116 /* ShipsModels.swift in Sources */ = {isa = PBXBuildFile; fileRef = 5ED0710B2947CA97002D4116 /* ShipsModels.swift */; };
		5ED0710E2947DC11002D4116 /* ShipsRequestManager.swift in Sources */ = {isa = PBXBuildFile; fileRef = 5ED0710D2947DC11002D4116 /* ShipsRequestManager.swift */; };
		5ED071102947DD4E002D4116 /* SpacexdataRequests.swift in Sources */ = {isa = PBXBuildFile; fileRef = 5ED0710F2947DD4E002D4116 /* SpacexdataRequests.swift */; };
		5ED07115294804A5002D4116 /* ShipCollectionViewCell.swift in Sources */ = {isa = PBXBuildFile; fileRef = 5ED07113294804A5002D4116 /* ShipCollectionViewCell.swift */; };
		5ED07116294804A5002D4116 /* ShipCollectionViewCell.xib in Resources */ = {isa = PBXBuildFile; fileRef = 5ED07114294804A5002D4116 /* ShipCollectionViewCell.xib */; };
		5ED071182948C528002D4116 /* ShipDetailViewController.swift in Sources */ = {isa = PBXBuildFile; fileRef = 5ED071172948C528002D4116 /* ShipDetailViewController.swift */; };
		5ED0711A2948C541002D4116 /* ShipDetailView.storyboard in Resources */ = {isa = PBXBuildFile; fileRef = 5ED071192948C541002D4116 /* ShipDetailView.storyboard */; };
/* End PBXBuildFile section */

/* Begin PBXFileReference section */
		3E05340B774AEFABA20FE9B4 /* Pods-JustoTestFRR.release.xcconfig */ = {isa = PBXFileReference; includeInIndex = 1; lastKnownFileType = text.xcconfig; name = "Pods-JustoTestFRR.release.xcconfig"; path = "Target Support Files/Pods-JustoTestFRR/Pods-JustoTestFRR.release.xcconfig"; sourceTree = "<group>"; };
		5E81AA352948E55400C79541 /* MissionsCellCollectionViewCell.swift */ = {isa = PBXFileReference; lastKnownFileType = sourcecode.swift; path = MissionsCellCollectionViewCell.swift; sourceTree = "<group>"; };
		5E81AA362948E55400C79541 /* MissionsCellCollectionViewCell.xib */ = {isa = PBXFileReference; lastKnownFileType = file.xib; path = MissionsCellCollectionViewCell.xib; sourceTree = "<group>"; };
		5E81AA392948EAA700C79541 /* UIViewExtensions.swift */ = {isa = PBXFileReference; lastKnownFileType = sourcecode.swift; path = UIViewExtensions.swift; sourceTree = "<group>"; };
		5ED070E02947B57F002D4116 /* JustoTestFRR.app */ = {isa = PBXFileReference; explicitFileType = wrapper.application; includeInIndex = 0; path = JustoTestFRR.app; sourceTree = BUILT_PRODUCTS_DIR; };
		5ED070E32947B57F002D4116 /* AppDelegate.swift */ = {isa = PBXFileReference; lastKnownFileType = sourcecode.swift; path = AppDelegate.swift; sourceTree = "<group>"; };
		5ED070E52947B57F002D4116 /* SceneDelegate.swift */ = {isa = PBXFileReference; lastKnownFileType = sourcecode.swift; path = SceneDelegate.swift; sourceTree = "<group>"; };
		5ED070E72947B57F002D4116 /* ViewController.swift */ = {isa = PBXFileReference; lastKnownFileType = sourcecode.swift; path = ViewController.swift; sourceTree = "<group>"; };
		5ED070EA2947B57F002D4116 /* Base */ = {isa = PBXFileReference; lastKnownFileType = file.storyboard; name = Base; path = Base.lproj/Main.storyboard; sourceTree = "<group>"; };
		5ED070EC2947B580002D4116 /* Assets.xcassets */ = {isa = PBXFileReference; lastKnownFileType = folder.assetcatalog; path = Assets.xcassets; sourceTree = "<group>"; };
		5ED070EF2947B580002D4116 /* Base */ = {isa = PBXFileReference; lastKnownFileType = file.storyboard; name = Base; path = Base.lproj/LaunchScreen.storyboard; sourceTree = "<group>"; };
		5ED070F12947B580002D4116 /* Info.plist */ = {isa = PBXFileReference; lastKnownFileType = text.plist.xml; path = Info.plist; sourceTree = "<group>"; };
		5ED070F82947B932002D4116 /* RequestManager.swift */ = {isa = PBXFileReference; fileEncoding = 4; lastKnownFileType = sourcecode.swift; path = RequestManager.swift; sourceTree = "<group>"; };
		5ED070FB2947BA3B002D4116 /* CodablesExtensions.swift */ = {isa = PBXFileReference; lastKnownFileType = sourcecode.swift; path = CodablesExtensions.swift; sourceTree = "<group>"; };
		5ED070FD2947BAB0002D4116 /* UIImagesExtensions.swift */ = {isa = PBXFileReference; lastKnownFileType = sourcecode.swift; path = UIImagesExtensions.swift; sourceTree = "<group>"; };
		5ED071022947C475002D4116 /* ShipsViewController.swift */ = {isa = PBXFileReference; lastKnownFileType = sourcecode.swift; path = ShipsViewController.swift; sourceTree = "<group>"; };
		5ED071052947C49E002D4116 /* ShipsView.storyboard */ = {isa = PBXFileReference; lastKnownFileType = file.storyboard; path = ShipsView.storyboard; sourceTree = "<group>"; };
		5ED071092947C9A4002D4116 /* ShipsViewModel.swift */ = {isa = PBXFileReference; lastKnownFileType = sourcecode.swift; path = ShipsViewModel.swift; sourceTree = "<group>"; };
		5ED0710B2947CA97002D4116 /* ShipsModels.swift */ = {isa = PBXFileReference; lastKnownFileType = sourcecode.swift; path = ShipsModels.swift; sourceTree = "<group>"; };
		5ED0710D2947DC11002D4116 /* ShipsRequestManager.swift */ = {isa = PBXFileReference; lastKnownFileType = sourcecode.swift; path = ShipsRequestManager.swift; sourceTree = "<group>"; };
		5ED0710F2947DD4E002D4116 /* SpacexdataRequests.swift */ = {isa = PBXFileReference; lastKnownFileType = sourcecode.swift; path = SpacexdataRequests.swift; sourceTree = "<group>"; };
		5ED07113294804A5002D4116 /* ShipCollectionViewCell.swift */ = {isa = PBXFileReference; lastKnownFileType = sourcecode.swift; path = ShipCollectionViewCell.swift; sourceTree = "<group>"; };
		5ED07114294804A5002D4116 /* ShipCollectionViewCell.xib */ = {isa = PBXFileReference; lastKnownFileType = file.xib; path = ShipCollectionViewCell.xib; sourceTree = "<group>"; };
		5ED071172948C528002D4116 /* ShipDetailViewController.swift */ = {isa = PBXFileReference; lastKnownFileType = sourcecode.swift; path = ShipDetailViewController.swift; sourceTree = "<group>"; };
		5ED071192948C541002D4116 /* ShipDetailView.storyboard */ = {isa = PBXFileReference; lastKnownFileType = file.storyboard; path = ShipDetailView.storyboard; sourceTree = "<group>"; };
		8DE4C1F87559F4DD67763AB8 /* Pods-JustoTestFRR.debug.xcconfig */ = {isa = PBXFileReference; includeInIndex = 1; lastKnownFileType = text.xcconfig; name = "Pods-JustoTestFRR.debug.xcconfig"; path = "Target Support Files/Pods-JustoTestFRR/Pods-JustoTestFRR.debug.xcconfig"; sourceTree = "<group>"; };
		DEA025145C5027B2F7032E47 /* Pods_JustoTestFRR.framework */ = {isa = PBXFileReference; explicitFileType = wrapper.framework; includeInIndex = 0; path = Pods_JustoTestFRR.framework; sourceTree = BUILT_PRODUCTS_DIR; };
/* End PBXFileReference section */

/* Begin PBXFrameworksBuildPhase section */
		5ED070DD2947B57F002D4116 /* Frameworks */ = {
			isa = PBXFrameworksBuildPhase;
			buildActionMask = 2147483647;
			files = (
				0AF7A55A2CBE05B5D076D489 /* Pods_JustoTestFRR.framework in Frameworks */,
			);
			runOnlyForDeploymentPostprocessing = 0;
		};
/* End PBXFrameworksBuildPhase section */

/* Begin PBXGroup section */
		4C4B6E0EE126C987CDB6C3D3 /* Pods */ = {
			isa = PBXGroup;
			children = (
				8DE4C1F87559F4DD67763AB8 /* Pods-JustoTestFRR.debug.xcconfig */,
				3E05340B774AEFABA20FE9B4 /* Pods-JustoTestFRR.release.xcconfig */,
			);
			path = Pods;
			sourceTree = "<group>";
		};
		5E81AA342948E51C00C79541 /* MissionsCell */ = {
			isa = PBXGroup;
			children = (
				5E81AA352948E55400C79541 /* MissionsCellCollectionViewCell.swift */,
				5E81AA362948E55400C79541 /* MissionsCellCollectionViewCell.xib */,
			);
			path = MissionsCell;
			sourceTree = "<group>";
		};
		5ED070D72947B57F002D4116 = {
			isa = PBXGroup;
			children = (
				5ED070E22947B57F002D4116 /* JustoTestFRR */,
				5ED070E12947B57F002D4116 /* Products */,
				4C4B6E0EE126C987CDB6C3D3 /* Pods */,
				82DFB67F7F52027D8B9E66BC /* Frameworks */,
			);
			sourceTree = "<group>";
		};
		5ED070E12947B57F002D4116 /* Products */ = {
			isa = PBXGroup;
			children = (
				5ED070E02947B57F002D4116 /* JustoTestFRR.app */,
			);
			name = Products;
			sourceTree = "<group>";
		};
		5ED070E22947B57F002D4116 /* JustoTestFRR */ = {
			isa = PBXGroup;
			children = (
				5ED071012947C42D002D4116 /* Models */,
				5ED071002947C408002D4116 /* ViewModels */,
				5ED070FF2947C3EB002D4116 /* Views */,
				5ED070F72947B905002D4116 /* Helpers */,
				5ED070E32947B57F002D4116 /* AppDelegate.swift */,
				5ED070E52947B57F002D4116 /* SceneDelegate.swift */,
				5ED070E72947B57F002D4116 /* ViewController.swift */,
				5ED070E92947B57F002D4116 /* Main.storyboard */,
				5ED070EC2947B580002D4116 /* Assets.xcassets */,
				5ED070EE2947B580002D4116 /* LaunchScreen.storyboard */,
				5ED070F12947B580002D4116 /* Info.plist */,
			);
			path = JustoTestFRR;
			sourceTree = "<group>";
		};
		5ED070F72947B905002D4116 /* Helpers */ = {
			isa = PBXGroup;
			children = (
				5ED0711129480441002D4116 /* Cells */,
				5ED070FA2947BA21002D4116 /* Extensions */,
				5ED070F82947B932002D4116 /* RequestManager.swift */,
				5ED0710F2947DD4E002D4116 /* SpacexdataRequests.swift */,
			);
			path = Helpers;
			sourceTree = "<group>";
		};
		5ED070FA2947BA21002D4116 /* Extensions */ = {
			isa = PBXGroup;
			children = (
				5ED070FB2947BA3B002D4116 /* CodablesExtensions.swift */,
				5ED070FD2947BAB0002D4116 /* UIImagesExtensions.swift */,
				5E81AA392948EAA700C79541 /* UIViewExtensions.swift */,
			);
			path = Extensions;
			sourceTree = "<group>";
		};
		5ED070FF2947C3EB002D4116 /* Views */ = {
			isa = PBXGroup;
			children = (
				5ED071072947C946002D4116 /* ShipDetailView */,
				5ED071042947C47D002D4116 /* ShipsView */,
			);
			path = Views;
			sourceTree = "<group>";
		};
		5ED071002947C408002D4116 /* ViewModels */ = {
			isa = PBXGroup;
			children = (
				5ED071082947C975002D4116 /* ShipsViewModels */,
			);
			path = ViewModels;
			sourceTree = "<group>";
		};
		5ED071012947C42D002D4116 /* Models */ = {
			isa = PBXGroup;
			children = (
				5ED0710B2947CA97002D4116 /* ShipsModels.swift */,
			);
			path = Models;
			sourceTree = "<group>";
		};
		5ED071042947C47D002D4116 /* ShipsView */ = {
			isa = PBXGroup;
			children = (
				5ED071022947C475002D4116 /* ShipsViewController.swift */,
				5ED071052947C49E002D4116 /* ShipsView.storyboard */,
			);
			path = ShipsView;
			sourceTree = "<group>";
		};
		5ED071072947C946002D4116 /* ShipDetailView */ = {
			isa = PBXGroup;
			children = (
				5ED071172948C528002D4116 /* ShipDetailViewController.swift */,
				5ED071192948C541002D4116 /* ShipDetailView.storyboard */,
			);
			path = ShipDetailView;
			sourceTree = "<group>";
		};
		5ED071082947C975002D4116 /* ShipsViewModels */ = {
			isa = PBXGroup;
			children = (
				5ED071092947C9A4002D4116 /* ShipsViewModel.swift */,
				5ED0710D2947DC11002D4116 /* ShipsRequestManager.swift */,
			);
			path = ShipsViewModels;
			sourceTree = "<group>";
		};
		5ED0711129480441002D4116 /* Cells */ = {
			isa = PBXGroup;
			children = (
				5E81AA342948E51C00C79541 /* MissionsCell */,
				5ED071122948045B002D4116 /* ShipCell */,
			);
			path = Cells;
			sourceTree = "<group>";
		};
		5ED071122948045B002D4116 /* ShipCell */ = {
			isa = PBXGroup;
			children = (
				5ED07113294804A5002D4116 /* ShipCollectionViewCell.swift */,
				5ED07114294804A5002D4116 /* ShipCollectionViewCell.xib */,
			);
			path = ShipCell;
			sourceTree = "<group>";
		};
		82DFB67F7F52027D8B9E66BC /* Frameworks */ = {
			isa = PBXGroup;
			children = (
				DEA025145C5027B2F7032E47 /* Pods_JustoTestFRR.framework */,
			);
			name = Frameworks;
			sourceTree = "<group>";
		};
/* End PBXGroup section */

/* Begin PBXNativeTarget section */
		5ED070DF2947B57F002D4116 /* JustoTestFRR */ = {
			isa = PBXNativeTarget;
			buildConfigurationList = 5ED070F42947B580002D4116 /* Build configuration list for PBXNativeTarget "JustoTestFRR" */;
			buildPhases = (
				45D48B81E80CE770D588CF3D /* [CP] Check Pods Manifest.lock */,
				5ED070DC2947B57F002D4116 /* Sources */,
				5ED070DD2947B57F002D4116 /* Frameworks */,
				5ED070DE2947B57F002D4116 /* Resources */,
				3995FF82DE38A0A55DDE65F4 /* [CP] Embed Pods Frameworks */,
			);
			buildRules = (
			);
			dependencies = (
			);
			name = JustoTestFRR;
			productName = JustoTestFRR;
			productReference = 5ED070E02947B57F002D4116 /* JustoTestFRR.app */;
			productType = "com.apple.product-type.application";
		};
/* End PBXNativeTarget section */

/* Begin PBXProject section */
		5ED070D82947B57F002D4116 /* Project object */ = {
			isa = PBXProject;
			attributes = {
				BuildIndependentTargetsInParallel = 1;
				LastSwiftUpdateCheck = 1410;
				LastUpgradeCheck = 1410;
				TargetAttributes = {
					5ED070DF2947B57F002D4116 = {
						CreatedOnToolsVersion = 14.1;
					};
				};
			};
			buildConfigurationList = 5ED070DB2947B57F002D4116 /* Build configuration list for PBXProject "JustoTestFRR" */;
			compatibilityVersion = "Xcode 13.0";
			developmentRegion = en;
			hasScannedForEncodings = 0;
			knownRegions = (
				en,
				Base,
			);
			mainGroup = 5ED070D72947B57F002D4116;
			productRefGroup = 5ED070E12947B57F002D4116 /* Products */;
			projectDirPath = "";
			projectRoot = "";
			targets = (
				5ED070DF2947B57F002D4116 /* JustoTestFRR */,
			);
		};
/* End PBXProject section */

/* Begin PBXResourcesBuildPhase section */
		5ED070DE2947B57F002D4116 /* Resources */ = {
			isa = PBXResourcesBuildPhase;
			buildActionMask = 2147483647;
			files = (
				5ED0711A2948C541002D4116 /* ShipDetailView.storyboard in Resources */,
				5ED070F02947B580002D4116 /* LaunchScreen.storyboard in Resources */,
				5E81AA382948E55400C79541 /* MissionsCellCollectionViewCell.xib in Resources */,
				5ED070ED2947B580002D4116 /* Assets.xcassets in Resources */,
				5ED071062947C49E002D4116 /* ShipsView.storyboard in Resources */,
				5ED070EB2947B57F002D4116 /* Main.storyboard in Resources */,
				5ED07116294804A5002D4116 /* ShipCollectionViewCell.xib in Resources */,
			);
			runOnlyForDeploymentPostprocessing = 0;
		};
/* End PBXResourcesBuildPhase section */

/* Begin PBXShellScriptBuildPhase section */
		3995FF82DE38A0A55DDE65F4 /* [CP] Embed Pods Frameworks */ = {
			isa = PBXShellScriptBuildPhase;
			buildActionMask = 2147483647;
			files = (
			);
			inputFileListPaths = (
				"${PODS_ROOT}/Target Support Files/Pods-JustoTestFRR/Pods-JustoTestFRR-frameworks-${CONFIGURATION}-input-files.xcfilelist",
			);
			name = "[CP] Embed Pods Frameworks";
			outputFileListPaths = (
				"${PODS_ROOT}/Target Support Files/Pods-JustoTestFRR/Pods-JustoTestFRR-frameworks-${CONFIGURATION}-output-files.xcfilelist",
			);
			runOnlyForDeploymentPostprocessing = 0;
			shellPath = /bin/sh;
			shellScript = "\"${PODS_ROOT}/Target Support Files/Pods-JustoTestFRR/Pods-JustoTestFRR-frameworks.sh\"\n";
			showEnvVarsInLog = 0;
		};
		45D48B81E80CE770D588CF3D /* [CP] Check Pods Manifest.lock */ = {
			isa = PBXShellScriptBuildPhase;
			buildActionMask = 2147483647;
			files = (
			);
			inputFileListPaths = (
			);
			inputPaths = (
				"${PODS_PODFILE_DIR_PATH}/Podfile.lock",
				"${PODS_ROOT}/Manifest.lock",
			);
			name = "[CP] Check Pods Manifest.lock";
			outputFileListPaths = (
			);
			outputPaths = (
				"$(DERIVED_FILE_DIR)/Pods-JustoTestFRR-checkManifestLockResult.txt",
			);
			runOnlyForDeploymentPostprocessing = 0;
			shellPath = /bin/sh;
			shellScript = "diff \"${PODS_PODFILE_DIR_PATH}/Podfile.lock\" \"${PODS_ROOT}/Manifest.lock\" > /dev/null\nif [ $? != 0 ] ; then\n    # print error to STDERR\n    echo \"error: The sandbox is not in sync with the Podfile.lock. Run 'pod install' or update your CocoaPods installation.\" >&2\n    exit 1\nfi\n# This output is used by Xcode 'outputs' to avoid re-running this script phase.\necho \"SUCCESS\" > \"${SCRIPT_OUTPUT_FILE_0}\"\n";
			showEnvVarsInLog = 0;
		};
/* End PBXShellScriptBuildPhase section */

/* Begin PBXSourcesBuildPhase section */
		5ED070DC2947B57F002D4116 /* Sources */ = {
			isa = PBXSourcesBuildPhase;
			buildActionMask = 2147483647;
			files = (
				5ED071102947DD4E002D4116 /* SpacexdataRequests.swift in Sources */,
				5E81AA3A2948EAA700C79541 /* UIViewExtensions.swift in Sources */,
				5ED070E82947B57F002D4116 /* ViewController.swift in Sources */,
				5ED0710E2947DC11002D4116 /* ShipsRequestManager.swift in Sources */,
				5ED070E42947B57F002D4116 /* AppDelegate.swift in Sources */,
				5ED0710A2947C9A4002D4116 /* ShipsViewModel.swift in Sources */,
				5ED0710C2947CA97002D4116 /* ShipsModels.swift in Sources */,
				5ED070E62947B57F002D4116 /* SceneDelegate.swift in Sources */,
				5ED070FC2947BA3B002D4116 /* CodablesExtensions.swift in Sources */,
				5ED070F92947B932002D4116 /* RequestManager.swift in Sources */,
				5ED071032947C475002D4116 /* ShipsViewController.swift in Sources */,
				5ED071182948C528002D4116 /* ShipDetailViewController.swift in Sources */,
				5E81AA372948E55400C79541 /* MissionsCellCollectionViewCell.swift in Sources */,
				5ED07115294804A5002D4116 /* ShipCollectionViewCell.swift in Sources */,
				5ED070FE2947BAB0002D4116 /* UIImagesExtensions.swift in Sources */,
			);
			runOnlyForDeploymentPostprocessing = 0;
		};
/* End PBXSourcesBuildPhase section */

/* Begin PBXVariantGroup section */
		5ED070E92947B57F002D4116 /* Main.storyboard */ = {
			isa = PBXVariantGroup;
			children = (
				5ED070EA2947B57F002D4116 /* Base */,
			);
			name = Main.storyboard;
			sourceTree = "<group>";
		};
		5ED070EE2947B580002D4116 /* LaunchScreen.storyboard */ = {
			isa = PBXVariantGroup;
			children = (
				5ED070EF2947B580002D4116 /* Base */,
			);
			name = LaunchScreen.storyboard;
			sourceTree = "<group>";
		};
/* End PBXVariantGroup section */

/* Begin XCBuildConfiguration section */
		5ED070F22947B580002D4116 /* Debug */ = {
			isa = XCBuildConfiguration;
			buildSettings = {
				ALWAYS_SEARCH_USER_PATHS = NO;
				CLANG_ANALYZER_NONNULL = YES;
				CLANG_ANALYZER_NUMBER_OBJECT_CONVERSION = YES_AGGRESSIVE;
				CLANG_CXX_LANGUAGE_STANDARD = "gnu++20";
				CLANG_ENABLE_MODULES = YES;
				CLANG_ENABLE_OBJC_ARC = YES;
				CLANG_ENABLE_OBJC_WEAK = YES;
				CLANG_WARN_BLOCK_CAPTURE_AUTORELEASING = YES;
				CLANG_WARN_BOOL_CONVERSION = YES;
				CLANG_WARN_COMMA = YES;
				CLANG_WARN_CONSTANT_CONVERSION = YES;
				CLANG_WARN_DEPRECATED_OBJC_IMPLEMENTATIONS = YES;
				CLANG_WARN_DIRECT_OBJC_ISA_USAGE = YES_ERROR;
				CLANG_WARN_DOCUMENTATION_COMMENTS = YES;
				CLANG_WARN_EMPTY_BODY = YES;
				CLANG_WARN_ENUM_CONVERSION = YES;
				CLANG_WARN_INFINITE_RECURSION = YES;
				CLANG_WARN_INT_CONVERSION = YES;
				CLANG_WARN_NON_LITERAL_NULL_CONVERSION = YES;
				CLANG_WARN_OBJC_IMPLICIT_RETAIN_SELF = YES;
				CLANG_WARN_OBJC_LITERAL_CONVERSION = YES;
				CLANG_WARN_OBJC_ROOT_CLASS = YES_ERROR;
				CLANG_WARN_QUOTED_INCLUDE_IN_FRAMEWORK_HEADER = YES;
				CLANG_WARN_RANGE_LOOP_ANALYSIS = YES;
				CLANG_WARN_STRICT_PROTOTYPES = YES;
				CLANG_WARN_SUSPICIOUS_MOVE = YES;
				CLANG_WARN_UNGUARDED_AVAILABILITY = YES_AGGRESSIVE;
				CLANG_WARN_UNREACHABLE_CODE = YES;
				CLANG_WARN__DUPLICATE_METHOD_MATCH = YES;
				COPY_PHASE_STRIP = NO;
				DEBUG_INFORMATION_FORMAT = dwarf;
				ENABLE_STRICT_OBJC_MSGSEND = YES;
				ENABLE_TESTABILITY = YES;
				GCC_C_LANGUAGE_STANDARD = gnu11;
				GCC_DYNAMIC_NO_PIC = NO;
				GCC_NO_COMMON_BLOCKS = YES;
				GCC_OPTIMIZATION_LEVEL = 0;
				GCC_PREPROCESSOR_DEFINITIONS = (
					"DEBUG=1",
					"$(inherited)",
				);
				GCC_WARN_64_TO_32_BIT_CONVERSION = YES;
				GCC_WARN_ABOUT_RETURN_TYPE = YES_ERROR;
				GCC_WARN_UNDECLARED_SELECTOR = YES;
				GCC_WARN_UNINITIALIZED_AUTOS = YES_AGGRESSIVE;
				GCC_WARN_UNUSED_FUNCTION = YES;
				GCC_WARN_UNUSED_VARIABLE = YES;
				IPHONEOS_DEPLOYMENT_TARGET = 16.1;
				MTL_ENABLE_DEBUG_INFO = INCLUDE_SOURCE;
				MTL_FAST_MATH = YES;
				ONLY_ACTIVE_ARCH = YES;
				SDKROOT = iphoneos;
				SWIFT_ACTIVE_COMPILATION_CONDITIONS = DEBUG;
				SWIFT_OPTIMIZATION_LEVEL = "-Onone";
			};
			name = Debug;
		};
		5ED070F32947B580002D4116 /* Release */ = {
			isa = XCBuildConfiguration;
			buildSettings = {
				ALWAYS_SEARCH_USER_PATHS = NO;
				CLANG_ANALYZER_NONNULL = YES;
				CLANG_ANALYZER_NUMBER_OBJECT_CONVERSION = YES_AGGRESSIVE;
				CLANG_CXX_LANGUAGE_STANDARD = "gnu++20";
				CLANG_ENABLE_MODULES = YES;
				CLANG_ENABLE_OBJC_ARC = YES;
				CLANG_ENABLE_OBJC_WEAK = YES;
				CLANG_WARN_BLOCK_CAPTURE_AUTORELEASING = YES;
				CLANG_WARN_BOOL_CONVERSION = YES;
				CLANG_WARN_COMMA = YES;
				CLANG_WARN_CONSTANT_CONVERSION = YES;
				CLANG_WARN_DEPRECATED_OBJC_IMPLEMENTATIONS = YES;
				CLANG_WARN_DIRECT_OBJC_ISA_USAGE = YES_ERROR;
				CLANG_WARN_DOCUMENTATION_COMMENTS = YES;
				CLANG_WARN_EMPTY_BODY = YES;
				CLANG_WARN_ENUM_CONVERSION = YES;
				CLANG_WARN_INFINITE_RECURSION = YES;
				CLANG_WARN_INT_CONVERSION = YES;
				CLANG_WARN_NON_LITERAL_NULL_CONVERSION = YES;
				CLANG_WARN_OBJC_IMPLICIT_RETAIN_SELF = YES;
				CLANG_WARN_OBJC_LITERAL_CONVERSION = YES;
				CLANG_WARN_OBJC_ROOT_CLASS = YES_ERROR;
				CLANG_WARN_QUOTED_INCLUDE_IN_FRAMEWORK_HEADER = YES;
				CLANG_WARN_RANGE_LOOP_ANALYSIS = YES;
				CLANG_WARN_STRICT_PROTOTYPES = YES;
				CLANG_WARN_SUSPICIOUS_MOVE = YES;
				CLANG_WARN_UNGUARDED_AVAILABILITY = YES_AGGRESSIVE;
				CLANG_WARN_UNREACHABLE_CODE = YES;
				CLANG_WARN__DUPLICATE_METHOD_MATCH = YES;
				COPY_PHASE_STRIP = NO;
				DEBUG_INFORMATION_FORMAT = "dwarf-with-dsym";
				ENABLE_NS_ASSERTIONS = NO;
				ENABLE_STRICT_OBJC_MSGSEND = YES;
				GCC_C_LANGUAGE_STANDARD = gnu11;
				GCC_NO_COMMON_BLOCKS = YES;
				GCC_WARN_64_TO_32_BIT_CONVERSION = YES;
				GCC_WARN_ABOUT_RETURN_TYPE = YES_ERROR;
				GCC_WARN_UNDECLARED_SELECTOR = YES;
				GCC_WARN_UNINITIALIZED_AUTOS = YES_AGGRESSIVE;
				GCC_WARN_UNUSED_FUNCTION = YES;
				GCC_WARN_UNUSED_VARIABLE = YES;
				IPHONEOS_DEPLOYMENT_TARGET = 16.1;
				MTL_ENABLE_DEBUG_INFO = NO;
				MTL_FAST_MATH = YES;
				SDKROOT = iphoneos;
				SWIFT_COMPILATION_MODE = wholemodule;
				SWIFT_OPTIMIZATION_LEVEL = "-O";
				VALIDATE_PRODUCT = YES;
			};
			name = Release;
		};
		5ED070F52947B580002D4116 /* Debug */ = {
			isa = XCBuildConfiguration;
			baseConfigurationReference = 8DE4C1F87559F4DD67763AB8 /* Pods-JustoTestFRR.debug.xcconfig */;
			buildSettings = {
				ASSETCATALOG_COMPILER_APPICON_NAME = AppIcon;
				ASSETCATALOG_COMPILER_GLOBAL_ACCENT_COLOR_NAME = AccentColor;
				CODE_SIGN_STYLE = Automatic;
				CURRENT_PROJECT_VERSION = 1;
				DEVELOPMENT_TEAM = LP57MBM9YR;
				GENERATE_INFOPLIST_FILE = YES;
				INFOPLIST_FILE = JustoTestFRR/Info.plist;
				INFOPLIST_KEY_UIApplicationSupportsIndirectInputEvents = YES;
				INFOPLIST_KEY_UILaunchStoryboardName = HomeView.storyboard;
				INFOPLIST_KEY_UIMainStoryboardFile = Main;
				INFOPLIST_KEY_UISupportedInterfaceOrientations_iPad = "UIInterfaceOrientationPortrait UIInterfaceOrientationPortraitUpsideDown UIInterfaceOrientationLandscapeLeft UIInterfaceOrientationLandscapeRight";
				INFOPLIST_KEY_UISupportedInterfaceOrientations_iPhone = "UIInterfaceOrientationPortrait UIInterfaceOrientationLandscapeLeft UIInterfaceOrientationLandscapeRight";
				LD_RUNPATH_SEARCH_PATHS = (
					"$(inherited)",
					"@executable_path/Frameworks",
				);
				MARKETING_VERSION = 1.0;
				PRODUCT_BUNDLE_IDENTIFIER = SolemtiTest.JustoTestFRR;
				PRODUCT_NAME = "$(TARGET_NAME)";
				SWIFT_EMIT_LOC_STRINGS = YES;
				SWIFT_VERSION = 5.0;
				TARGETED_DEVICE_FAMILY = "1,2";
			};
			name = Debug;
		};
		5ED070F62947B580002D4116 /* Release */ = {
			isa = XCBuildConfiguration;
			baseConfigurationReference = 3E05340B774AEFABA20FE9B4 /* Pods-JustoTestFRR.release.xcconfig */;
			buildSettings = {
				ASSETCATALOG_COMPILER_APPICON_NAME = AppIcon;
				ASSETCATALOG_COMPILER_GLOBAL_ACCENT_COLOR_NAME = AccentColor;
				CODE_SIGN_STYLE = Automatic;
				CURRENT_PROJECT_VERSION = 1;
				DEVELOPMENT_TEAM = LP57MBM9YR;
				GENERATE_INFOPLIST_FILE = YES;
				INFOPLIST_FILE = JustoTestFRR/Info.plist;
				INFOPLIST_KEY_UIApplicationSupportsIndirectInputEvents = YES;
				INFOPLIST_KEY_UILaunchStoryboardName = HomeView.storyboard;
				INFOPLIST_KEY_UIMainStoryboardFile = Main;
				INFOPLIST_KEY_UISupportedInterfaceOrientations_iPad = "UIInterfaceOrientationPortrait UIInterfaceOrientationPortraitUpsideDown UIInterfaceOrientationLandscapeLeft UIInterfaceOrientationLandscapeRight";
				INFOPLIST_KEY_UISupportedInterfaceOrientations_iPhone = "UIInterfaceOrientationPortrait UIInterfaceOrientationLandscapeLeft UIInterfaceOrientationLandscapeRight";
				LD_RUNPATH_SEARCH_PATHS = (
					"$(inherited)",
					"@executable_path/Frameworks",
				);
				MARKETING_VERSION = 1.0;
				PRODUCT_BUNDLE_IDENTIFIER = SolemtiTest.JustoTestFRR;
				PRODUCT_NAME = "$(TARGET_NAME)";
				SWIFT_EMIT_LOC_STRINGS = YES;
				SWIFT_VERSION = 5.0;
				TARGETED_DEVICE_FAMILY = "1,2";
			};
			name = Release;
		};
/* End XCBuildConfiguration section */

/* Begin XCConfigurationList section */
		5ED070DB2947B57F002D4116 /* Build configuration list for PBXProject "JustoTestFRR" */ = {
			isa = XCConfigurationList;
			buildConfigurations = (
				5ED070F22947B580002D4116 /* Debug */,
				5ED070F32947B580002D4116 /* Release */,
			);
			defaultConfigurationIsVisible = 0;
			defaultConfigurationName = Release;
		};
		5ED070F42947B580002D4116 /* Build configuration list for PBXNativeTarget "JustoTestFRR" */ = {
			isa = XCConfigurationList;
			buildConfigurations = (
				5ED070F52947B580002D4116 /* Debug */,
				5ED070F62947B580002D4116 /* Release */,
			);
			defaultConfigurationIsVisible = 0;
			defaultConfigurationName = Release;
		};
/* End XCConfigurationList section */
	};
	rootObject = 5ED070D82947B57F002D4116 /* Project object */;
}
